{
  "name": "day11",
  "version": "1.0.0",
  "lockfileVersion": 2,
  "requires": true,
  "packages": {
    "": {
      "name": "day11",
      "version": "1.0.0",
      "license": "ISC",
      "dependencies": {
        "mathjs": "^11.5.0"
      }
    },
    "node_modules/@babel/runtime": {
      "version": "7.20.6",
      "resolved": "https://pkgs.dev.azure.com/INGCDaaS/IngOne/_packaging/central-npm-feed/npm/registry/@babel/runtime/-/runtime-7.20.6.tgz",
      "integrity": "sha1-+s9Ieb/tm1MmMmJzpkIg8Jmw/OM=",
      "license": "MIT",
      "dependencies": {
        "regenerator-runtime": "^0.13.11"
      },
      "engines": {
        "node": ">=6.9.0"
      }
    },
    "node_modules/complex.js": {
      "version": "2.1.1",
      "resolved": "https://pkgs.dev.azure.com/INGCDaaS/IngOne/_packaging/central-npm-feed/npm/registry/complex.js/-/complex.js-2.1.1.tgz",
      "integrity": "sha1-BnXayORk7EMfsqt9MPQdiJ+yXDE=",
      "license": "MIT",
      "engines": {
        "node": "*"
      },
      "funding": {
        "type": "patreon",
        "url": "https://www.patreon.com/infusion"
      }
    },
    "node_modules/decimal.js": {
      "version": "10.4.3",
      "resolved": "https://pkgs.dev.azure.com/INGCDaaS/IngOne/_packaging/central-npm-feed/npm/registry/decimal.js/-/decimal.js-10.4.3.tgz",
      "integrity": "sha1-EEQJKITSRdG39lcl+krUxveBzCM=",
      "license": "MIT"
    },
    "node_modules/escape-latex": {
      "version": "1.2.0",
      "resolved": "https://pkgs.dev.azure.com/INGCDaaS/IngOne/_packaging/central-npm-feed/npm/registry/escape-latex/-/escape-latex-1.2.0.tgz",
      "integrity": "sha1-B8A4GM99rCUMzlF/T9obAB7yvKE=",
      "license": "MIT"
    },
    "node_modules/fraction.js": {
      "version": "4.2.0",
      "resolved": "https://pkgs.dev.azure.com/INGCDaaS/IngOne/_packaging/central-npm-feed/npm/registry/fraction.js/-/fraction.js-4.2.0.tgz",
      "integrity": "sha1-RI5RCaMTo1J/WjqyEZ7Ezw4OKVA=",
      "license": "MIT",
      "engines": {
        "node": "*"
      },
      "funding": {
        "type": "patreon",
        "url": "https://www.patreon.com/infusion"
      }
    },
    "node_modules/javascript-natural-sort": {
      "version": "0.7.1",
      "resolved": "https://pkgs.dev.azure.com/INGCDaaS/IngOne/_packaging/central-npm-feed/npm/registry/javascript-natural-sort/-/javascript-natural-sort-0.7.1.tgz",
      "integrity": "sha1-+eIwPUUH9tdDVac2ZNFED7Wg71k=",
      "license": "MIT"
    },
    "node_modules/mathjs": {
      "version": "11.5.0",
      "resolved": "https://pkgs.dev.azure.com/INGCDaaS/IngOne/_packaging/central-npm-feed/npm/registry/mathjs/-/mathjs-11.5.0.tgz",
      "integrity": "sha1-XKytev+iyAStPwnvpdU/D/y3lJM=",
      "license": "Apache-2.0",
      "dependencies": {
        "@babel/runtime": "^7.20.6",
        "complex.js": "^2.1.1",
        "decimal.js": "^10.4.3",
        "escape-latex": "^1.2.0",
        "fraction.js": "^4.2.0",
        "javascript-natural-sort": "^0.7.1",
        "seedrandom": "^3.0.5",
        "tiny-emitter": "^2.1.0",
        "typed-function": "^4.1.0"
      },
      "bin": {
        "mathjs": "bin/cli.js"
      },
      "engines": {
        "node": ">= 14"
      }
    },
    "node_modules/regenerator-runtime": {
      "version": "0.13.11",
      "resolved": "https://pkgs.dev.azure.com/INGCDaaS/IngOne/_packaging/central-npm-feed/npm/registry/regenerator-runtime/-/regenerator-runtime-0.13.11.tgz",
      "integrity": "sha1-9tyj587sIFkNB62nhWNqkM3KF/k=",
      "license": "MIT"
    },
    "node_modules/seedrandom": {
      "version": "3.0.5",
      "resolved": "https://pkgs.dev.azure.com/INGCDaaS/IngOne/_packaging/central-npm-feed/npm/registry/seedrandom/-/seedrandom-3.0.5.tgz",
      "integrity": "sha1-VO3IXJUiJSWwx6b2s1Q9jgs6oKc=",
      "license": "MIT"
    },
    "node_modules/tiny-emitter": {
      "version": "2.1.0",
      "resolved": "https://pkgs.dev.azure.com/INGCDaaS/IngOne/_packaging/central-npm-feed/npm/registry/tiny-emitter/-/tiny-emitter-2.1.0.tgz",
      "integrity": "sha1-HRpW7fxRxD6GPLtTgqcjMONVVCM=",
      "license": "MIT"
    },
    "node_modules/typed-function": {
      "version": "4.1.0",
      "resolved": "https://pkgs.dev.azure.com/INGCDaaS/IngOne/_packaging/central-npm-feed/npm/registry/typed-function/-/typed-function-4.1.0.tgz",
      "integrity": "sha1-2kvdim0ZqJ4icy915KQQhgqvlxI=",
      "engines": {
        "node": ">= 14"
      }
    }
  },
  "dependencies": {
    "@babel/runtime": {
      "version": "7.20.6",
      "resolved": "https://pkgs.dev.azure.com/INGCDaaS/IngOne/_packaging/central-npm-feed/npm/registry/@babel/runtime/-/runtime-7.20.6.tgz",
      "integrity": "sha1-+s9Ieb/tm1MmMmJzpkIg8Jmw/OM=",
      "requires": {
        "regenerator-runtime": "^0.13.11"
      }
    },
    "complex.js": {
      "version": "2.1.1",
      "resolved": "https://pkgs.dev.azure.com/INGCDaaS/IngOne/_packaging/central-npm-feed/npm/registry/complex.js/-/complex.js-2.1.1.tgz",
      "integrity": "sha1-BnXayORk7EMfsqt9MPQdiJ+yXDE="
    },
    "decimal.js": {
      "version": "10.4.3",
      "resolved": "https://pkgs.dev.azure.com/INGCDaaS/IngOne/_packaging/central-npm-feed/npm/registry/decimal.js/-/decimal.js-10.4.3.tgz",
      "integrity": "sha1-EEQJKITSRdG39lcl+krUxveBzCM="
    },
    "escape-latex": {
      "version": "1.2.0",
      "resolved": "https://pkgs.dev.azure.com/INGCDaaS/IngOne/_packaging/central-npm-feed/npm/registry/escape-latex/-/escape-latex-1.2.0.tgz",
      "integrity": "sha1-B8A4GM99rCUMzlF/T9obAB7yvKE="
    },
    "fraction.js": {
      "version": "4.2.0",
      "resolved": "https://pkgs.dev.azure.com/INGCDaaS/IngOne/_packaging/central-npm-feed/npm/registry/fraction.js/-/fraction.js-4.2.0.tgz",
      "integrity": "sha1-RI5RCaMTo1J/WjqyEZ7Ezw4OKVA="
    },
    "javascript-natural-sort": {
      "version": "0.7.1",
      "resolved": "https://pkgs.dev.azure.com/INGCDaaS/IngOne/_packaging/central-npm-feed/npm/registry/javascript-natural-sort/-/javascript-natural-sort-0.7.1.tgz",
      "integrity": "sha1-+eIwPUUH9tdDVac2ZNFED7Wg71k="
    },
    "mathjs": {
      "version": "11.5.0",
      "resolved": "https://pkgs.dev.azure.com/INGCDaaS/IngOne/_packaging/central-npm-feed/npm/registry/mathjs/-/mathjs-11.5.0.tgz",
      "integrity": "sha1-XKytev+iyAStPwnvpdU/D/y3lJM=",
      "requires": {
        "@babel/runtime": "^7.20.6",
        "complex.js": "^2.1.1",
        "decimal.js": "^10.4.3",
        "escape-latex": "^1.2.0",
        "fraction.js": "^4.2.0",
        "javascript-natural-sort": "^0.7.1",
        "seedrandom": "^3.0.5",
        "tiny-emitter": "^2.1.0",
        "typed-function": "^4.1.0"
      }
    },
    "regenerator-runtime": {
      "version": "0.13.11",
      "resolved": "https://pkgs.dev.azure.com/INGCDaaS/IngOne/_packaging/central-npm-feed/npm/registry/regenerator-runtime/-/regenerator-runtime-0.13.11.tgz",
      "integrity": "sha1-9tyj587sIFkNB62nhWNqkM3KF/k="
    },
    "seedrandom": {
      "version": "3.0.5",
      "resolved": "https://pkgs.dev.azure.com/INGCDaaS/IngOne/_packaging/central-npm-feed/npm/registry/seedrandom/-/seedrandom-3.0.5.tgz",
      "integrity": "sha1-VO3IXJUiJSWwx6b2s1Q9jgs6oKc="
    },
    "tiny-emitter": {
      "version": "2.1.0",
      "resolved": "https://pkgs.dev.azure.com/INGCDaaS/IngOne/_packaging/central-npm-feed/npm/registry/tiny-emitter/-/tiny-emitter-2.1.0.tgz",
      "integrity": "sha1-HRpW7fxRxD6GPLtTgqcjMONVVCM="
    },
    "typed-function": {
      "version": "4.1.0",
      "resolved": "https://pkgs.dev.azure.com/INGCDaaS/IngOne/_packaging/central-npm-feed/npm/registry/typed-function/-/typed-function-4.1.0.tgz",
      "integrity": "sha1-2kvdim0ZqJ4icy915KQQhgqvlxI="
    }
  }
}
